// !$*UTF8*$!
{
	archiveVersion = 1;
	classes = {
	};
	objectVersion = 50;
	objects = {

/* Begin PBXBuildFile section */
		6E82CD62212B132000801486 /* AppDelegate.swift in Sources */ = {isa = PBXBuildFile; fileRef = 6E82CD61212B132000801486 /* AppDelegate.swift */; };
		6E82CD64212B132000801486 /* ViewController.swift in Sources */ = {isa = PBXBuildFile; fileRef = 6E82CD63212B132000801486 /* ViewController.swift */; };
		6E82CD67212B132000801486 /* Main.storyboard in Resources */ = {isa = PBXBuildFile; fileRef = 6E82CD65212B132000801486 /* Main.storyboard */; };
		6E82CD69212B132200801486 /* Assets.xcassets in Resources */ = {isa = PBXBuildFile; fileRef = 6E82CD68212B132200801486 /* Assets.xcassets */; };
		6E82CD6C212B132200801486 /* LaunchScreen.storyboard in Resources */ = {isa = PBXBuildFile; fileRef = 6E82CD6A212B132200801486 /* LaunchScreen.storyboard */; };
		6E82CD77212B132200801486 /* Foo_BarTests.swift in Sources */ = {isa = PBXBuildFile; fileRef = 6E82CD76212B132200801486 /* Foo_BarTests.swift */; };
		6E82CD82212B132200801486 /* Foo_BarUITests.swift in Sources */ = {isa = PBXBuildFile; fileRef = 6E82CD81212B132200801486 /* Foo_BarUITests.swift */; };
/* End PBXBuildFile section */

/* Begin PBXContainerItemProxy section */
		6E82CD73212B132200801486 /* PBXContainerItemProxy */ = {
			isa = PBXContainerItemProxy;
			containerPortal = 6E82CD56212B132000801486 /* Project object */;
			proxyType = 1;
			remoteGlobalIDString = 6E82CD5D212B132000801486;
			remoteInfo = "Foo Bar";
		};
		6E82CD7E212B132200801486 /* PBXContainerItemProxy */ = {
			isa = PBXContainerItemProxy;
			containerPortal = 6E82CD56212B132000801486 /* Project object */;
			proxyType = 1;
			remoteGlobalIDString = 6E82CD5D212B132000801486;
			remoteInfo = "Foo Bar";
		};
/* End PBXContainerItemProxy section */

/* Begin PBXFileReference section */
		6E82CD5E212B132000801486 /* Foo Bar.app */ = {isa = PBXFileReference; explicitFileType = wrapper.application; includeInIndex = 0; path = "Foo Bar.app"; sourceTree = BUILT_PRODUCTS_DIR; };
		6E82CD61212B132000801486 /* AppDelegate.swift */ = {isa = PBXFileReference; lastKnownFileType = sourcecode.swift; path = AppDelegate.swift; sourceTree = "<group>"; };
		6E82CD63212B132000801486 /* ViewController.swift */ = {isa = PBXFileReference; lastKnownFileType = sourcecode.swift; path = ViewController.swift; sourceTree = "<group>"; };
		6E82CD66212B132000801486 /* Base */ = {isa = PBXFileReference; lastKnownFileType = file.storyboard; name = Base; path = Base.lproj/Main.storyboard; sourceTree = "<group>"; };
		6E82CD68212B132200801486 /* Assets.xcassets */ = {isa = PBXFileReference; lastKnownFileType = folder.assetcatalog; path = Assets.xcassets; sourceTree = "<group>"; };
		6E82CD6B212B132200801486 /* Base */ = {isa = PBXFileReference; lastKnownFileType = file.storyboard; name = Base; path = Base.lproj/LaunchScreen.storyboard; sourceTree = "<group>"; };
		6E82CD6D212B132200801486 /* Info.plist */ = {isa = PBXFileReference; lastKnownFileType = text.plist.xml; path = Info.plist; sourceTree = "<group>"; };
		6E82CD72212B132200801486 /* Foo BarTests.xctest */ = {isa = PBXFileReference; explicitFileType = wrapper.cfbundle; includeInIndex = 0; path = "Foo BarTests.xctest"; sourceTree = BUILT_PRODUCTS_DIR; };
		6E82CD76212B132200801486 /* Foo_BarTests.swift */ = {isa = PBXFileReference; lastKnownFileType = sourcecode.swift; path = Foo_BarTests.swift; sourceTree = "<group>"; };
		6E82CD78212B132200801486 /* Info.plist */ = {isa = PBXFileReference; lastKnownFileType = text.plist.xml; path = Info.plist; sourceTree = "<group>"; };
		6E82CD7D212B132200801486 /* Foo BarUITests.xctest */ = {isa = PBXFileReference; explicitFileType = wrapper.cfbundle; includeInIndex = 0; path = "Foo BarUITests.xctest"; sourceTree = BUILT_PRODUCTS_DIR; };
		6E82CD81212B132200801486 /* Foo_BarUITests.swift */ = {isa = PBXFileReference; lastKnownFileType = sourcecode.swift; path = Foo_BarUITests.swift; sourceTree = "<group>"; };
		6E82CD83212B132200801486 /* Info.plist */ = {isa = PBXFileReference; lastKnownFileType = text.plist.xml; path = Info.plist; sourceTree = "<group>"; };
/* End PBXFileReference section */

/* Begin PBXFrameworksBuildPhase section */
		6E82CD5B212B132000801486 /* Frameworks */ = {
			isa = PBXFrameworksBuildPhase;
			buildActionMask = 2147483647;
			files = (
			);
			runOnlyForDeploymentPostprocessing = 0;
		};
		6E82CD6F212B132200801486 /* Frameworks */ = {
			isa = PBXFrameworksBuildPhase;
			buildActionMask = 2147483647;
			files = (
			);
			runOnlyForDeploymentPostprocessing = 0;
		};
		6E82CD7A212B132200801486 /* Frameworks */ = {
			isa = PBXFrameworksBuildPhase;
			buildActionMask = 2147483647;
			files = (
			);
			runOnlyForDeploymentPostprocessing = 0;
		};
/* End PBXFrameworksBuildPhase section */

/* Begin PBXGroup section */
		6E82CD55212B132000801486 = {
			isa = PBXGroup;
			children = (
				6E82CD60212B132000801486 /* Foo Bar */,
				6E82CD75212B132200801486 /* Foo BarTests */,
				6E82CD80212B132200801486 /* Foo BarUITests */,
				6E82CD5F212B132000801486 /* Products */,
			);
			sourceTree = "<group>";
		};
		6E82CD5F212B132000801486 /* Products */ = {
			isa = PBXGroup;
			children = (
				6E82CD5E212B132000801486 /* Foo Bar.app */,
				6E82CD72212B132200801486 /* Foo BarTests.xctest */,
				6E82CD7D212B132200801486 /* Foo BarUITests.xctest */,
			);
			name = Products;
			sourceTree = "<group>";
		};
		6E82CD60212B132000801486 /* Foo Bar */ = {
			isa = PBXGroup;
			children = (
				6E82CD61212B132000801486 /* AppDelegate.swift */,
				6E82CD63212B132000801486 /* ViewController.swift */,
				6E82CD65212B132000801486 /* Main.storyboard */,
				6E82CD68212B132200801486 /* Assets.xcassets */,
				6E82CD6A212B132200801486 /* LaunchScreen.storyboard */,
				6E82CD6D212B132200801486 /* Info.plist */,
			);
			path = "Foo Bar";
			sourceTree = "<group>";
		};
		6E82CD75212B132200801486 /* Foo BarTests */ = {
			isa = PBXGroup;
			children = (
				6E82CD76212B132200801486 /* Foo_BarTests.swift */,
				6E82CD78212B132200801486 /* Info.plist */,
			);
			path = "Foo BarTests";
			sourceTree = "<group>";
		};
		6E82CD80212B132200801486 /* Foo BarUITests */ = {
			isa = PBXGroup;
			children = (
				6E82CD81212B132200801486 /* Foo_BarUITests.swift */,
				6E82CD83212B132200801486 /* Info.plist */,
			);
			path = "Foo BarUITests";
			sourceTree = "<group>";
		};
/* End PBXGroup section */

/* Begin PBXNativeTarget section */
		6E82CD5D212B132000801486 /* Foo Bar */ = {
			isa = PBXNativeTarget;
			buildConfigurationList = 6E82CD86212B132200801486 /* Build configuration list for PBXNativeTarget "Foo Bar" */;
			buildPhases = (
				6E82CD5A212B132000801486 /* Sources */,
				6E82CD5B212B132000801486 /* Frameworks */,
				6E82CD5C212B132000801486 /* Resources */,
			);
			buildRules = (
			);
			dependencies = (
			);
			name = "Foo Bar";
			productName = "Foo Bar";
			productReference = 6E82CD5E212B132000801486 /* Foo Bar.app */;
			productType = "com.apple.product-type.application";
		};
		6E82CD71212B132200801486 /* Foo BarTests */ = {
			isa = PBXNativeTarget;
			buildConfigurationList = 6E82CD89212B132200801486 /* Build configuration list for PBXNativeTarget "Foo BarTests" */;
			buildPhases = (
				6E82CD6E212B132200801486 /* Sources */,
				6E82CD6F212B132200801486 /* Frameworks */,
				6E82CD70212B132200801486 /* Resources */,
			);
			buildRules = (
			);
			dependencies = (
				6E82CD74212B132200801486 /* PBXTargetDependency */,
			);
			name = "Foo BarTests";
			productName = "Foo BarTests";
			productReference = 6E82CD72212B132200801486 /* Foo BarTests.xctest */;
			productType = "com.apple.product-type.bundle.unit-test";
		};
		6E82CD7C212B132200801486 /* Foo BarUITests */ = {
			isa = PBXNativeTarget;
			buildConfigurationList = 6E82CD8C212B132200801486 /* Build configuration list for PBXNativeTarget "Foo BarUITests" */;
			buildPhases = (
				6E82CD79212B132200801486 /* Sources */,
				6E82CD7A212B132200801486 /* Frameworks */,
				6E82CD7B212B132200801486 /* Resources */,
			);
			buildRules = (
			);
			dependencies = (
				6E82CD7F212B132200801486 /* PBXTargetDependency */,
			);
			name = "Foo BarUITests";
			productName = "Foo BarUITests";
			productReference = 6E82CD7D212B132200801486 /* Foo BarUITests.xctest */;
			productType = "com.apple.product-type.bundle.ui-testing";
		};
/* End PBXNativeTarget section */

/* Begin PBXProject section */
		6E82CD56212B132000801486 /* Project object */ = {
			isa = PBXProject;
			attributes = {
				LastSwiftUpdateCheck = 0940;
				LastUpgradeCheck = 0940;
				ORGANIZATIONNAME = maulik;
				TargetAttributes = {
					6E82CD5D212B132000801486 = {
						CreatedOnToolsVersion = 9.4.1;
					};
					6E82CD71212B132200801486 = {
						CreatedOnToolsVersion = 9.4.1;
						TestTargetID = 6E82CD5D212B132000801486;
					};
					6E82CD7C212B132200801486 = {
						CreatedOnToolsVersion = 9.4.1;
						TestTargetID = 6E82CD5D212B132000801486;
					};
				};
			};
			buildConfigurationList = 6E82CD59212B132000801486 /* Build configuration list for PBXProject "Foo Bar" */;
			compatibilityVersion = "Xcode 9.3";
			developmentRegion = en;
			hasScannedForEncodings = 0;
			knownRegions = (
				en,
				Base,
			);
			mainGroup = 6E82CD55212B132000801486;
			productRefGroup = 6E82CD5F212B132000801486 /* Products */;
			projectDirPath = "";
			projectRoot = "";
			targets = (
				6E82CD5D212B132000801486 /* Foo Bar */,
				6E82CD71212B132200801486 /* Foo BarTests */,
				6E82CD7C212B132200801486 /* Foo BarUITests */,
			);
		};
/* End PBXProject section */

/* Begin PBXResourcesBuildPhase section */
		6E82CD5C212B132000801486 /* Resources */ = {
			isa = PBXResourcesBuildPhase;
			buildActionMask = 2147483647;
			files = (
				6E82CD6C212B132200801486 /* LaunchScreen.storyboard in Resources */,
				6E82CD69212B132200801486 /* Assets.xcassets in Resources */,
				6E82CD67212B132000801486 /* Main.storyboard in Resources */,
			);
			runOnlyForDeploymentPostprocessing = 0;
		};
		6E82CD70212B132200801486 /* Resources */ = {
			isa = PBXResourcesBuildPhase;
			buildActionMask = 2147483647;
			files = (
			);
			runOnlyForDeploymentPostprocessing = 0;
		};
		6E82CD7B212B132200801486 /* Resources */ = {
			isa = PBXResourcesBuildPhase;
			buildActionMask = 2147483647;
			files = (
			);
			runOnlyForDeploymentPostprocessing = 0;
		};
/* End PBXResourcesBuildPhase section */

/* Begin PBXSourcesBuildPhase section */
		6E82CD5A212B132000801486 /* Sources */ = {
			isa = PBXSourcesBuildPhase;
			buildActionMask = 2147483647;
			files = (
				6E82CD64212B132000801486 /* ViewController.swift in Sources */,
				6E82CD62212B132000801486 /* AppDelegate.swift in Sources */,
			);
			runOnlyForDeploymentPostprocessing = 0;
		};
		6E82CD6E212B132200801486 /* Sources */ = {
			isa = PBXSourcesBuildPhase;
			buildActionMask = 2147483647;
			files = (
				6E82CD77212B132200801486 /* Foo_BarTests.swift in Sources */,
			);
			runOnlyForDeploymentPostprocessing = 0;
		};
		6E82CD79212B132200801486 /* Sources */ = {
			isa = PBXSourcesBuildPhase;
			buildActionMask = 2147483647;
			files = (
				6E82CD82212B132200801486 /* Foo_BarUITests.swift in Sources */,
			);
			runOnlyForDeploymentPostprocessing = 0;
		};
/* End PBXSourcesBuildPhase section */

/* Begin PBXTargetDependency section */
		6E82CD74212B132200801486 /* PBXTargetDependency */ = {
			isa = PBXTargetDependency;
			target = 6E82CD5D212B132000801486 /* Foo Bar */;
			targetProxy = 6E82CD73212B132200801486 /* PBXContainerItemProxy */;
		};
		6E82CD7F212B132200801486 /* PBXTargetDependency */ = {
			isa = PBXTargetDependency;
			target = 6E82CD5D212B132000801486 /* Foo Bar */;
			targetProxy = 6E82CD7E212B132200801486 /* PBXContainerItemProxy */;
		};
/* End PBXTargetDependency section */

/* Begin PBXVariantGroup section */
		6E82CD65212B132000801486 /* Main.storyboard */ = {
			isa = PBXVariantGroup;
			children = (
				6E82CD66212B132000801486 /* Base */,
			);
			name = Main.storyboard;
			sourceTree = "<group>";
		};
		6E82CD6A212B132200801486 /* LaunchScreen.storyboard */ = {
			isa = PBXVariantGroup;
			children = (
				6E82CD6B212B132200801486 /* Base */,
			);
			name = LaunchScreen.storyboard;
			sourceTree = "<group>";
		};
/* End PBXVariantGroup section */

/* Begin XCBuildConfiguration section */
		6E82CD84212B132200801486 /* Debug */ = {
			isa = XCBuildConfiguration;
			buildSettings = {
				ALWAYS_SEARCH_USER_PATHS = NO;
				CLANG_ANALYZER_NONNULL = YES;
				CLANG_ANALYZER_NUMBER_OBJECT_CONVERSION = YES_AGGRESSIVE;
				CLANG_CXX_LANGUAGE_STANDARD = "gnu++14";
				CLANG_CXX_LIBRARY = "libc++";
				CLANG_ENABLE_MODULES = YES;
				CLANG_ENABLE_OBJC_ARC = YES;
				CLANG_ENABLE_OBJC_WEAK = YES;
				CLANG_WARN_BLOCK_CAPTURE_AUTORELEASING = YES;
				CLANG_WARN_BOOL_CONVERSION = YES;
				CLANG_WARN_COMMA = YES;
				CLANG_WARN_CONSTANT_CONVERSION = YES;
				CLANG_WARN_DEPRECATED_OBJC_IMPLEMENTATIONS = YES;
				CLANG_WARN_DIRECT_OBJC_ISA_USAGE = YES_ERROR;
				CLANG_WARN_DOCUMENTATION_COMMENTS = YES;
				CLANG_WARN_EMPTY_BODY = YES;
				CLANG_WARN_ENUM_CONVERSION = YES;
				CLANG_WARN_INFINITE_RECURSION = YES;
				CLANG_WARN_INT_CONVERSION = YES;
				CLANG_WARN_NON_LITERAL_NULL_CONVERSION = YES;
				CLANG_WARN_OBJC_IMPLICIT_RETAIN_SELF = YES;
				CLANG_WARN_OBJC_LITERAL_CONVERSION = YES;
				CLANG_WARN_OBJC_ROOT_CLASS = YES_ERROR;
				CLANG_WARN_RANGE_LOOP_ANALYSIS = YES;
				CLANG_WARN_STRICT_PROTOTYPES = YES;
				CLANG_WARN_SUSPICIOUS_MOVE = YES;
				CLANG_WARN_UNGUARDED_AVAILABILITY = YES_AGGRESSIVE;
				CLANG_WARN_UNREACHABLE_CODE = YES;
				CLANG_WARN__DUPLICATE_METHOD_MATCH = YES;
				CODE_SIGN_IDENTITY = "iPhone Developer";
				COPY_PHASE_STRIP = NO;
				DEBUG_INFORMATION_FORMAT = dwarf;
				ENABLE_STRICT_OBJC_MSGSEND = YES;
				ENABLE_TESTABILITY = YES;
				GCC_C_LANGUAGE_STANDARD = gnu11;
				GCC_DYNAMIC_NO_PIC = NO;
				GCC_NO_COMMON_BLOCKS = YES;
				GCC_OPTIMIZATION_LEVEL = 0;
				GCC_PREPROCESSOR_DEFINITIONS = (
					"DEBUG=1",
					"$(inherited)",
				);
				GCC_WARN_64_TO_32_BIT_CONVERSION = YES;
				GCC_WARN_ABOUT_RETURN_TYPE = YES_ERROR;
				GCC_WARN_UNDECLARED_SELECTOR = YES;
				GCC_WARN_UNINITIALIZED_AUTOS = YES_AGGRESSIVE;
				GCC_WARN_UNUSED_FUNCTION = YES;
				GCC_WARN_UNUSED_VARIABLE = YES;
				IPHONEOS_DEPLOYMENT_TARGET = 11.4;
				MTL_ENABLE_DEBUG_INFO = YES;
				ONLY_ACTIVE_ARCH = YES;
				SDKROOT = iphoneos;
				SWIFT_ACTIVE_COMPILATION_CONDITIONS = DEBUG;
				SWIFT_OPTIMIZATION_LEVEL = "-Onone";
			};
			name = Debug;
		};
		6E82CD85212B132200801486 /* Release */ = {
			isa = XCBuildConfiguration;
			buildSettings = {
				ALWAYS_SEARCH_USER_PATHS = NO;
				CLANG_ANALYZER_NONNULL = YES;
				CLANG_ANALYZER_NUMBER_OBJECT_CONVERSION = YES_AGGRESSIVE;
				CLANG_CXX_LANGUAGE_STANDARD = "gnu++14";
				CLANG_CXX_LIBRARY = "libc++";
				CLANG_ENABLE_MODULES = YES;
				CLANG_ENABLE_OBJC_ARC = YES;
				CLANG_ENABLE_OBJC_WEAK = YES;
				CLANG_WARN_BLOCK_CAPTURE_AUTORELEASING = YES;
				CLANG_WARN_BOOL_CONVERSION = YES;
				CLANG_WARN_COMMA = YES;
				CLANG_WARN_CONSTANT_CONVERSION = YES;
				CLANG_WARN_DEPRECATED_OBJC_IMPLEMENTATIONS = YES;
				CLANG_WARN_DIRECT_OBJC_ISA_USAGE = YES_ERROR;
				CLANG_WARN_DOCUMENTATION_COMMENTS = YES;
				CLANG_WARN_EMPTY_BODY = YES;
				CLANG_WARN_ENUM_CONVERSION = YES;
				CLANG_WARN_INFINITE_RECURSION = YES;
				CLANG_WARN_INT_CONVERSION = YES;
				CLANG_WARN_NON_LITERAL_NULL_CONVERSION = YES;
				CLANG_WARN_OBJC_IMPLICIT_RETAIN_SELF = YES;
				CLANG_WARN_OBJC_LITERAL_CONVERSION = YES;
				CLANG_WARN_OBJC_ROOT_CLASS = YES_ERROR;
				CLANG_WARN_RANGE_LOOP_ANALYSIS = YES;
				CLANG_WARN_STRICT_PROTOTYPES = YES;
				CLANG_WARN_SUSPICIOUS_MOVE = YES;
				CLANG_WARN_UNGUARDED_AVAILABILITY = YES_AGGRESSIVE;
				CLANG_WARN_UNREACHABLE_CODE = YES;
				CLANG_WARN__DUPLICATE_METHOD_MATCH = YES;
				CODE_SIGN_IDENTITY = "iPhone Developer";
				COPY_PHASE_STRIP = NO;
				DEBUG_INFORMATION_FORMAT = "dwarf-with-dsym";
				ENABLE_NS_ASSERTIONS = NO;
				ENABLE_STRICT_OBJC_MSGSEND = YES;
				GCC_C_LANGUAGE_STANDARD = gnu11;
				GCC_NO_COMMON_BLOCKS = YES;
				GCC_WARN_64_TO_32_BIT_CONVERSION = YES;
				GCC_WARN_ABOUT_RETURN_TYPE = YES_ERROR;
				GCC_WARN_UNDECLARED_SELECTOR = YES;
				GCC_WARN_UNINITIALIZED_AUTOS = YES_AGGRESSIVE;
				GCC_WARN_UNUSED_FUNCTION = YES;
				GCC_WARN_UNUSED_VARIABLE = YES;
				IPHONEOS_DEPLOYMENT_TARGET = 11.4;
				MTL_ENABLE_DEBUG_INFO = NO;
				SDKROOT = iphoneos;
				SWIFT_COMPILATION_MODE = wholemodule;
				SWIFT_OPTIMIZATION_LEVEL = "-O";
				VALIDATE_PRODUCT = YES;
			};
			name = Release;
		};
		6E82CD87212B132200801486 /* Debug */ = {
			isa = XCBuildConfiguration;
			buildSettings = {
				ASSETCATALOG_COMPILER_APPICON_NAME = AppIcon;
				CODE_SIGN_STYLE = Automatic;
				INFOPLIST_FILE = "Foo Bar/Info.plist";
				LD_RUNPATH_SEARCH_PATHS = (
					"$(inherited)",
					"@executable_path/Frameworks",
				);
				PRODUCT_BUNDLE_IDENTIFIER = "maulik.Foo-Bar";
				PRODUCT_NAME = "$(TARGET_NAME)";
				SWIFT_VERSION = 4.0;
				TARGETED_DEVICE_FAMILY = "1,2";
			};
			name = Debug;
		};
		6E82CD88212B132200801486 /* Release */ = {
			isa = XCBuildConfiguration;
			buildSettings = {
				ASSETCATALOG_COMPILER_APPICON_NAME = AppIcon;
				CODE_SIGN_STYLE = Automatic;
				INFOPLIST_FILE = "Foo Bar/Info.plist";
				LD_RUNPATH_SEARCH_PATHS = (
					"$(inherited)",
					"@executable_path/Frameworks",
				);
				PRODUCT_BUNDLE_IDENTIFIER = "maulik.Foo-Bar";
				PRODUCT_NAME = "$(TARGET_NAME)";
				SWIFT_VERSION = 4.0;
				TARGETED_DEVICE_FAMILY = "1,2";
			};
			name = Release;
		};
		6E82CD8A212B132200801486 /* Debug */ = {
			isa = XCBuildConfiguration;
			buildSettings = {
				ALWAYS_EMBED_SWIFT_STANDARD_LIBRARIES = YES;
				BUNDLE_LOADER = "$(TEST_HOST)";
				CODE_SIGN_STYLE = Automatic;
				INFOPLIST_FILE = "Foo BarTests/Info.plist";
				LD_RUNPATH_SEARCH_PATHS = (
					"$(inherited)",
					"@executable_path/Frameworks",
					"@loader_path/Frameworks",
				);
				PRODUCT_BUNDLE_IDENTIFIER = "maulik.Foo-BarTests";
				PRODUCT_NAME = "$(TARGET_NAME)";
				SWIFT_VERSION = 4.0;
				TARGETED_DEVICE_FAMILY = "1,2";
				TEST_HOST = "$(BUILT_PRODUCTS_DIR)/Foo Bar.app/Foo Bar";
			};
			name = Debug;
		};
		6E82CD8B212B132200801486 /* Release */ = {
			isa = XCBuildConfiguration;
			buildSettings = {
				ALWAYS_EMBED_SWIFT_STANDARD_LIBRARIES = YES;
				BUNDLE_LOADER = "$(TEST_HOST)";
				CODE_SIGN_STYLE = Automatic;
				INFOPLIST_FILE = "Foo BarTests/Info.plist";
				LD_RUNPATH_SEARCH_PATHS = (
					"$(inherited)",
					"@executable_path/Frameworks",
					"@loader_path/Frameworks",
				);
				PRODUCT_BUNDLE_IDENTIFIER = "maulik.Foo-BarTests";
				PRODUCT_NAME = "$(TARGET_NAME)";
				SWIFT_VERSION = 4.0;
				TARGETED_DEVICE_FAMILY = "1,2";
				TEST_HOST = "$(BUILT_PRODUCTS_DIR)/Foo Bar.app/Foo Bar";
			};
			name = Release;
		};
		6E82CD8D212B132200801486 /* Debug */ = {
			isa = XCBuildConfiguration;
			buildSettings = {
				ALWAYS_EMBED_SWIFT_STANDARD_LIBRARIES = YES;
				CODE_SIGN_STYLE = Automatic;
				INFOPLIST_FILE = "Foo BarUITests/Info.plist";
				LD_RUNPATH_SEARCH_PATHS = (
					"$(inherited)",
					"@executable_path/Frameworks",
					"@loader_path/Frameworks",
				);
				PRODUCT_BUNDLE_IDENTIFIER = "maulik.Foo-BarUITests";
				PRODUCT_NAME = "$(TARGET_NAME)";
				SWIFT_VERSION = 4.0;
				TARGETED_DEVICE_FAMILY = "1,2";
				TEST_TARGET_NAME = "Foo Bar";
			};
			name = Debug;
		};
		6E82CD8E212B132200801486 /* Release */ = {
			isa = XCBuildConfiguration;
			buildSettings = {
				ALWAYS_EMBED_SWIFT_STANDARD_LIBRARIES = YES;
				CODE_SIGN_STYLE = Automatic;
				INFOPLIST_FILE = "Foo BarUITests/Info.plist";
				LD_RUNPATH_SEARCH_PATHS = (
					"$(inherited)",
					"@executable_path/Frameworks",
					"@loader_path/Frameworks",
				);
				PRODUCT_BUNDLE_IDENTIFIER = "maulik.Foo-BarUITests";
				PRODUCT_NAME = "$(TARGET_NAME)";
				SWIFT_VERSION = 4.0;
				TARGETED_DEVICE_FAMILY = "1,2";
				TEST_TARGET_NAME = "Foo Bar";
			};
			name = Release;
		};
/* End XCBuildConfiguration section */

/* Begin XCConfigurationList section */
		6E82CD59212B132000801486 /* Build configuration list for PBXProject "Foo Bar" */ = {
			isa = XCConfigurationList;
			buildConfigurations = (
				6E82CD84212B132200801486 /* Debug */,
				6E82CD85212B132200801486 /* Release */,
			);
			defaultConfigurationIsVisible = 0;
			defaultConfigurationName = Release;
		};
		6E82CD86212B132200801486 /* Build configuration list for PBXNativeTarget "Foo Bar" */ = {
			isa = XCConfigurationList;
			buildConfigurations = (
				6E82CD87212B132200801486 /* Debug */,
				6E82CD88212B132200801486 /* Release */,
			);
			defaultConfigurationIsVisible = 0;
			defaultConfigurationName = Release;
		};
		6E82CD89212B132200801486 /* Build configuration list for PBXNativeTarget "Foo BarTests" */ = {
			isa = XCConfigurationList;
			buildConfigurations = (
				6E82CD8A212B132200801486 /* Debug */,
				6E82CD8B212B132200801486 /* Release */,
			);
			defaultConfigurationIsVisible = 0;
			defaultConfigurationName = Release;
		};
		6E82CD8C212B132200801486 /* Build configuration list for PBXNativeTarget "Foo BarUITests" */ = {
			isa = XCConfigurationList;
			buildConfigurations = (
				6E82CD8D212B132200801486 /* Debug */,
				6E82CD8E212B132200801486 /* Release */,
			);
			defaultConfigurationIsVisible = 0;
			defaultConfigurationName = Release;
		};
/* End XCConfigurationList section */
	};
	rootObject = 6E82CD56212B132000801486 /* Project object */;
}
